
Microsoft Visual Studio Solution File, Format Version 12.00
# Visual Studio Version 17
VisualStudioVersion = 17.4.33213.308
MinimumVisualStudioVersion = 10.0.40219.1
Project("{FAE04EC0-301F-11D3-BF4B-00C04F79EFBC}") = "DSharpBot", "DSharpBot\DSharpBot.csproj", "{75BA643A-6A43-4C1B-B689-8D9165D0A87A}"
EndProject
Global
	GlobalSection(SolutionConfigurationPlatforms) = preSolution
		Debug|Any CPU = Debug|Any CPU
		Release|Any CPU = Release|Any CPU
	EndGlobalSection
	GlobalSection(ProjectConfigurationPlatforms) = postSolution
		{75BA643A-6A43-4C1B-B689-8D9165D0A87A}.Debug|Any CPU.ActiveCfg = Debug|Any CPU
		{75BA643A-6A43-4C1B-B689-8D9165D0A87A}.Debug|Any CPU.Build.0 = Debug|Any CPU
		{75BA643A-6A43-4C1B-B689-8D9165D0A87A}.Release|Any CPU.ActiveCfg = Release|Any CPU
		{75BA643A-6A43-4C1B-B689-8D9165D0A87A}.Release|Any CPU.Build.0 = Release|Any CPU
	EndGlobalSection
	GlobalSection(SolutionProperties) = preSolution
		HideSolutionNode = FALSE
	EndGlobalSection
	GlobalSection(ExtensibilityGlobals) = postSolution
		SolutionGuid = {1E1C4A50-0D76-4C82-8A9B-72FB1C019FD4}
	EndGlobalSection
EndGlobal
